
Microsoft Visual Studio Solution File, Format Version 12.00
# Visual Studio 14
Project("{8BC9CEB8-8B4A-11D0-8D11-00A0C91BC942}") = "ALL_BUILD", "ALL_BUILD.vcxproj", "{E417D42B-A608-303D-9450-B71C46687926}"
	ProjectSection(ProjectDependencies) = postProject
		{BBD22BB9-5197-3789-9D8C-E58CDD0AC0EB} = {BBD22BB9-5197-3789-9D8C-E58CDD0AC0EB}
		{E141B935-8EE9-36BC-8AB3-F43D802FDD89} = {E141B935-8EE9-36BC-8AB3-F43D802FDD89}
		{5C4264BE-D38C-32EC-93DC-E1AC5EB7D314} = {5C4264BE-D38C-32EC-93DC-E1AC5EB7D314}
		{949E8D24-3784-354F-BAD9-0F14F7C87A55} = {949E8D24-3784-354F-BAD9-0F14F7C87A55}
	EndProjectSection
EndProject
Project("{8BC9CEB8-8B4A-11D0-8D11-00A0C91BC942}") = "INSTALL", "INSTALL.vcxproj", "{602FFE6E-0EE2-3887-B8C0-645ADF856CA4}"
	ProjectSection(ProjectDependencies) = postProject
		{E417D42B-A608-303D-9450-B71C46687926} = {E417D42B-A608-303D-9450-B71C46687926}
		{BBD22BB9-5197-3789-9D8C-E58CDD0AC0EB} = {BBD22BB9-5197-3789-9D8C-E58CDD0AC0EB}
	EndProjectSection
EndProject
Project("{8BC9CEB8-8B4A-11D0-8D11-00A0C91BC942}") = "ZERO_CHECK", "ZERO_CHECK.vcxproj", "{BBD22BB9-5197-3789-9D8C-E58CDD0AC0EB}"
	ProjectSection(ProjectDependencies) = postProject
	EndProjectSection
EndProject
Project("{8BC9CEB8-8B4A-11D0-8D11-00A0C91BC942}") = "dark", "dark.vcxproj", "{E141B935-8EE9-36BC-8AB3-F43D802FDD89}"
	ProjectSection(ProjectDependencies) = postProject
		{BBD22BB9-5197-3789-9D8C-E58CDD0AC0EB} = {BBD22BB9-5197-3789-9D8C-E58CDD0AC0EB}
	EndProjectSection
EndProject
Project("{8BC9CEB8-8B4A-11D0-8D11-00A0C91BC942}") = "darknet", "darknet.vcxproj", "{5C4264BE-D38C-32EC-93DC-E1AC5EB7D314}"
	ProjectSection(ProjectDependencies) = postProject
		{BBD22BB9-5197-3789-9D8C-E58CDD0AC0EB} = {BBD22BB9-5197-3789-9D8C-E58CDD0AC0EB}
	EndProjectSection
EndProject
Project("{8BC9CEB8-8B4A-11D0-8D11-00A0C91BC942}") = "uselib", "uselib.vcxproj", "{949E8D24-3784-354F-BAD9-0F14F7C87A55}"
	ProjectSection(ProjectDependencies) = postProject
		{BBD22BB9-5197-3789-9D8C-E58CDD0AC0EB} = {BBD22BB9-5197-3789-9D8C-E58CDD0AC0EB}
		{E141B935-8EE9-36BC-8AB3-F43D802FDD89} = {E141B935-8EE9-36BC-8AB3-F43D802FDD89}
	EndProjectSection
EndProject
Global
	GlobalSection(SolutionConfigurationPlatforms) = preSolution
		Debug|x64 = Debug|x64
		Release|x64 = Release|x64
		MinSizeRel|x64 = MinSizeRel|x64
		RelWithDebInfo|x64 = RelWithDebInfo|x64
	EndGlobalSection
	GlobalSection(ProjectConfigurationPlatforms) = postSolution
		{E417D42B-A608-303D-9450-B71C46687926}.Debug|x64.ActiveCfg = Debug|x64
		{E417D42B-A608-303D-9450-B71C46687926}.Debug|x64.Build.0 = Debug|x64
		{E417D42B-A608-303D-9450-B71C46687926}.Release|x64.ActiveCfg = Release|x64
		{E417D42B-A608-303D-9450-B71C46687926}.Release|x64.Build.0 = Release|x64
		{E417D42B-A608-303D-9450-B71C46687926}.MinSizeRel|x64.ActiveCfg = MinSizeRel|x64
		{E417D42B-A608-303D-9450-B71C46687926}.MinSizeRel|x64.Build.0 = MinSizeRel|x64
		{E417D42B-A608-303D-9450-B71C46687926}.RelWithDebInfo|x64.ActiveCfg = RelWithDebInfo|x64
		{E417D42B-A608-303D-9450-B71C46687926}.RelWithDebInfo|x64.Build.0 = RelWithDebInfo|x64
		{602FFE6E-0EE2-3887-B8C0-645ADF856CA4}.Debug|x64.ActiveCfg = Debug|x64
		{602FFE6E-0EE2-3887-B8C0-645ADF856CA4}.Release|x64.ActiveCfg = Release|x64
		{602FFE6E-0EE2-3887-B8C0-645ADF856CA4}.MinSizeRel|x64.ActiveCfg = MinSizeRel|x64
		{602FFE6E-0EE2-3887-B8C0-645ADF856CA4}.RelWithDebInfo|x64.ActiveCfg = RelWithDebInfo|x64
		{BBD22BB9-5197-3789-9D8C-E58CDD0AC0EB}.Debug|x64.ActiveCfg = Debug|x64
		{BBD22BB9-5197-3789-9D8C-E58CDD0AC0EB}.Debug|x64.Build.0 = Debug|x64
		{BBD22BB9-5197-3789-9D8C-E58CDD0AC0EB}.Release|x64.ActiveCfg = Release|x64
		{BBD22BB9-5197-3789-9D8C-E58CDD0AC0EB}.Release|x64.Build.0 = Release|x64
		{BBD22BB9-5197-3789-9D8C-E58CDD0AC0EB}.MinSizeRel|x64.ActiveCfg = MinSizeRel|x64
		{BBD22BB9-5197-3789-9D8C-E58CDD0AC0EB}.MinSizeRel|x64.Build.0 = MinSizeRel|x64
		{BBD22BB9-5197-3789-9D8C-E58CDD0AC0EB}.RelWithDebInfo|x64.ActiveCfg = RelWithDebInfo|x64
		{BBD22BB9-5197-3789-9D8C-E58CDD0AC0EB}.RelWithDebInfo|x64.Build.0 = RelWithDebInfo|x64
		{E141B935-8EE9-36BC-8AB3-F43D802FDD89}.Debug|x64.ActiveCfg = Debug|x64
		{E141B935-8EE9-36BC-8AB3-F43D802FDD89}.Debug|x64.Build.0 = Debug|x64
		{E141B935-8EE9-36BC-8AB3-F43D802FDD89}.Release|x64.ActiveCfg = Release|x64
		{E141B935-8EE9-36BC-8AB3-F43D802FDD89}.Release|x64.Build.0 = Release|x64
		{E141B935-8EE9-36BC-8AB3-F43D802FDD89}.MinSizeRel|x64.ActiveCfg = MinSizeRel|x64
		{E141B935-8EE9-36BC-8AB3-F43D802FDD89}.MinSizeRel|x64.Build.0 = MinSizeRel|x64
		{E141B935-8EE9-36BC-8AB3-F43D802FDD89}.RelWithDebInfo|x64.ActiveCfg = RelWithDebInfo|x64
		{E141B935-8EE9-36BC-8AB3-F43D802FDD89}.RelWithDebInfo|x64.Build.0 = RelWithDebInfo|x64
		{5C4264BE-D38C-32EC-93DC-E1AC5EB7D314}.Debug|x64.ActiveCfg = Debug|x64
		{5C4264BE-D38C-32EC-93DC-E1AC5EB7D314}.Debug|x64.Build.0 = Debug|x64
		{5C4264BE-D38C-32EC-93DC-E1AC5EB7D314}.Release|x64.ActiveCfg = Release|x64
		{5C4264BE-D38C-32EC-93DC-E1AC5EB7D314}.Release|x64.Build.0 = Release|x64
		{5C4264BE-D38C-32EC-93DC-E1AC5EB7D314}.MinSizeRel|x64.ActiveCfg = MinSizeRel|x64
		{5C4264BE-D38C-32EC-93DC-E1AC5EB7D314}.MinSizeRel|x64.Build.0 = MinSizeRel|x64
		{5C4264BE-D38C-32EC-93DC-E1AC5EB7D314}.RelWithDebInfo|x64.ActiveCfg = RelWithDebInfo|x64
		{5C4264BE-D38C-32EC-93DC-E1AC5EB7D314}.RelWithDebInfo|x64.Build.0 = RelWithDebInfo|x64
		{949E8D24-3784-354F-BAD9-0F14F7C87A55}.Debug|x64.ActiveCfg = Debug|x64
		{949E8D24-3784-354F-BAD9-0F14F7C87A55}.Debug|x64.Build.0 = Debug|x64
		{949E8D24-3784-354F-BAD9-0F14F7C87A55}.Release|x64.ActiveCfg = Release|x64
		{949E8D24-3784-354F-BAD9-0F14F7C87A55}.Release|x64.Build.0 = Release|x64
		{949E8D24-3784-354F-BAD9-0F14F7C87A55}.MinSizeRel|x64.ActiveCfg = MinSizeRel|x64
		{949E8D24-3784-354F-BAD9-0F14F7C87A55}.MinSizeRel|x64.Build.0 = MinSizeRel|x64
		{949E8D24-3784-354F-BAD9-0F14F7C87A55}.RelWithDebInfo|x64.ActiveCfg = RelWithDebInfo|x64
		{949E8D24-3784-354F-BAD9-0F14F7C87A55}.RelWithDebInfo|x64.Build.0 = RelWithDebInfo|x64
	EndGlobalSection
	GlobalSection(ExtensibilityGlobals) = postSolution
		SolutionGuid = {7B5A2B96-AFF3-3352-82E7-D324D087C9C0}
	EndGlobalSection
	GlobalSection(ExtensibilityAddIns) = postSolution
	EndGlobalSection
EndGlobal
