<?xml version="1.0" encoding="utf-8"?>
<Project ToolsVersion="14.0" xmlns="http://schemas.microsoft.com/developer/msbuild/2003">
  <ItemGroup>
    <CustomBuild Include="D:\test1\Yolo-Fastest-master\CMakeFiles\4b88a6ad73d61af336e4401fd5a669b4\generate.stamp.rule">
      <Filter>CMake Rules</Filter>
    </CustomBuild>
  </ItemGroup>
  <ItemGroup>
    <Filter Include="CMake Rules">
      <UniqueIdentifier>{5449D59E-A5DE-341B-B1C9-7B2DE7B8E904}</UniqueIdentifier>
    </Filter>
  </ItemGroup>
</Project>
